
Microsoft Visual Studio Solution File, Format Version 12.00
# Visual Studio Version 17
VisualStudioVersion = 17.10.34916.146
MinimumVisualStudioVersion = 10.0.40219.1
Project("{FAE04EC0-301F-11D3-BF4B-00C04F79EFBC}") = "FrontToBack", "FrontToBack\FrontToBack.csproj", "{811CC9F1-F632-42EE-946E-45B1E1BCAC3C}"
EndProject
Global
	GlobalSection(SolutionConfigurationPlatforms) = preSolution
		Debug|Any CPU = Debug|Any CPU
		Release|Any CPU = Release|Any CPU
	EndGlobalSection
	GlobalSection(ProjectConfigurationPlatforms) = postSolution
		{811CC9F1-F632-42EE-946E-45B1E1BCAC3C}.Debug|Any CPU.ActiveCfg = Debug|Any CPU
		{811CC9F1-F632-42EE-946E-45B1E1BCAC3C}.Debug|Any CPU.Build.0 = Debug|Any CPU
		{811CC9F1-F632-42EE-946E-45B1E1BCAC3C}.Release|Any CPU.ActiveCfg = Release|Any CPU
		{811CC9F1-F632-42EE-946E-45B1E1BCAC3C}.Release|Any CPU.Build.0 = Release|Any CPU
	EndGlobalSection
	GlobalSection(SolutionProperties) = preSolution
		HideSolutionNode = FALSE
	EndGlobalSection
	GlobalSection(ExtensibilityGlobals) = postSolution
		SolutionGuid = {6E80FEA7-4CFB-4725-B4CB-A363DE989547}
	EndGlobalSection
EndGlobal
